
Microsoft Visual Studio Solution File, Format Version 12.00
# Visual Studio 15
VisualStudioVersion = 15.0.28307.106
MinimumVisualStudioVersion = 10.0.40219.1
Project("{FAE04EC0-301F-11D3-BF4B-00C04F79EFBC}") = "WebApplication1", "WebApplication1\WebApplication1.csproj", "{0DAA8AA0-7934-4AE3-BAFC-000D739E2DB3}"
EndProject
Global
	GlobalSection(SolutionConfigurationPlatforms) = preSolution
		Debug|Any CPU = Debug|Any CPU
		Release|Any CPU = Release|Any CPU
	EndGlobalSection
	GlobalSection(ProjectConfigurationPlatforms) = postSolution
		{0DAA8AA0-7934-4AE3-BAFC-000D739E2DB3}.Debug|Any CPU.ActiveCfg = Debug|Any CPU
		{0DAA8AA0-7934-4AE3-BAFC-000D739E2DB3}.Debug|Any CPU.Build.0 = Debug|Any CPU
		{0DAA8AA0-7934-4AE3-BAFC-000D739E2DB3}.Release|Any CPU.ActiveCfg = Release|Any CPU
		{0DAA8AA0-7934-4AE3-BAFC-000D739E2DB3}.Release|Any CPU.Build.0 = Release|Any CPU
	EndGlobalSection
	GlobalSection(SolutionProperties) = preSolution
		HideSolutionNode = FALSE
	EndGlobalSection
	GlobalSection(ExtensibilityGlobals) = postSolution
		SolutionGuid = {47B139A3-8944-44DF-B6C7-B17702A0DCDA}
	EndGlobalSection
EndGlobal
